
Microsoft Visual Studio Solution File, Format Version 12.00
# Visual Studio Version 17
VisualStudioVersion = 17.0.31903.59
MinimumVisualStudioVersion = 10.0.40219.1
Project("{2150E333-8FDC-42A3-9474-1A3956D46DE8}") = "v2", "v2", "{BFB3936D-9448-4C5F-8C1C-82A59F88A621}"
EndProject
Project("{9A19103F-16F7-4668-BE54-9A1E7A4F7556}") = "AspNetCore", "v2\AspNetCore\AspNetCore.csproj", "{0E7431EB-BA1E-4741-98A2-C661D9ECA77F}"
EndProject
Project("{9A19103F-16F7-4668-BE54-9A1E7A4F7556}") = "DuendeDynamicProviders", "v2\DuendeDynamicProviders\DuendeDynamicProviders.csproj", "{A2443185-ABBA-4A00-82A4-1E850BBE0D98}"
EndProject
Global
	GlobalSection(SolutionConfigurationPlatforms) = preSolution
		Debug|Any CPU = Debug|Any CPU
		Release|Any CPU = Release|Any CPU
	EndGlobalSection
	GlobalSection(ProjectConfigurationPlatforms) = postSolution
		{0E7431EB-BA1E-4741-98A2-C661D9ECA77F}.Debug|Any CPU.ActiveCfg = Debug|Any CPU
		{0E7431EB-BA1E-4741-98A2-C661D9ECA77F}.Debug|Any CPU.Build.0 = Debug|Any CPU
		{0E7431EB-BA1E-4741-98A2-C661D9ECA77F}.Release|Any CPU.ActiveCfg = Release|Any CPU
		{0E7431EB-BA1E-4741-98A2-C661D9ECA77F}.Release|Any CPU.Build.0 = Release|Any CPU
		{A2443185-ABBA-4A00-82A4-1E850BBE0D98}.Debug|Any CPU.ActiveCfg = Debug|Any CPU
		{A2443185-ABBA-4A00-82A4-1E850BBE0D98}.Debug|Any CPU.Build.0 = Debug|Any CPU
		{A2443185-ABBA-4A00-82A4-1E850BBE0D98}.Release|Any CPU.ActiveCfg = Release|Any CPU
		{A2443185-ABBA-4A00-82A4-1E850BBE0D98}.Release|Any CPU.Build.0 = Release|Any CPU
	EndGlobalSection
	GlobalSection(SolutionProperties) = preSolution
		HideSolutionNode = FALSE
	EndGlobalSection
	GlobalSection(NestedProjects) = preSolution
		{0E7431EB-BA1E-4741-98A2-C661D9ECA77F} = {BFB3936D-9448-4C5F-8C1C-82A59F88A621}
		{A2443185-ABBA-4A00-82A4-1E850BBE0D98} = {BFB3936D-9448-4C5F-8C1C-82A59F88A621}
	EndGlobalSection
	GlobalSection(ExtensibilityGlobals) = postSolution
		SolutionGuid = {01D4E158-E599-49D5-BF4D-528944E27E2A}
	EndGlobalSection
EndGlobal
